{
  "name": "phone-holder",
  "version": "1.0.0",
  "lockfileVersion": 3,
  "requires": true,
  "packages": {
    "": {
      "name": "phone-holder",
      "version": "1.0.0",
      "license": "ISC",
      "dependencies": {
        "onshape": "file:../../node"
      }
    },
    "../../node": {
      "name": "onshape",
      "version": "0.1.1",
      "license": "MIT",
      "dependencies": {
        "open": "^10.2.0"
      },
      "bin": {
        "onshape": "bin/onshape.js"
      },
      "devDependencies": {
        "@types/node": "^24.0.0",
        "typescript": "^5.9.0"
      },
      "engines": {
        "node": ">=18"
      },
      "optionalDependencies": {
        "@napi-rs/keyring": "^1.3.0"
      }
    },
    "node_modules/onshape": {
      "resolved": "../../node",
      "link": true
    }
  }
}
